
Microsoft Visual Studio Solution File, Format Version 12.00
# Visual Studio Version 17
VisualStudioVersion = 17.5.33424.131
MinimumVisualStudioVersion = 10.0.40219.1
Project("{FAE04EC0-301F-11D3-BF4B-00C04F79EFBC}") = "WebApplication1", "WebApplication1\WebApplication1.csproj", "{020404B6-922B-4CF6-BB31-543F7548B50A}"
EndProject
Global
	GlobalSection(SolutionConfigurationPlatforms) = preSolution
		Debug|Any CPU = Debug|Any CPU
		Release|Any CPU = Release|Any CPU
	EndGlobalSection
	GlobalSection(ProjectConfigurationPlatforms) = postSolution
		{020404B6-922B-4CF6-BB31-543F7548B50A}.Debug|Any CPU.ActiveCfg = Debug|Any CPU
		{020404B6-922B-4CF6-BB31-543F7548B50A}.Debug|Any CPU.Build.0 = Debug|Any CPU
		{020404B6-922B-4CF6-BB31-543F7548B50A}.Release|Any CPU.ActiveCfg = Release|Any CPU
		{020404B6-922B-4CF6-BB31-543F7548B50A}.Release|Any CPU.Build.0 = Release|Any CPU
	EndGlobalSection
	GlobalSection(SolutionProperties) = preSolution
		HideSolutionNode = FALSE
	EndGlobalSection
	GlobalSection(ExtensibilityGlobals) = postSolution
		SolutionGuid = {82A407AF-3098-424D-9358-9C471BEB9780}
	EndGlobalSection
EndGlobal
